// !$*UTF8*$!
{
	archiveVersion = 1;
	classes = {
	};
	objectVersion = 55;
	objects = {

/* Begin PBXBuildFile section */
		750B0A6926A86E00002A522A /* main.cpp in Sources */ = {isa = PBXBuildFile; fileRef = 750B0A6826A86E00002A522A /* main.cpp */; };
		750B0A7626A99D07002A522A /* main.cpp in Sources */ = {isa = PBXBuildFile; fileRef = 750B0A7526A99D07002A522A /* main.cpp */; };
		750B0A8126A9AD66002A522A /* main.cpp in Sources */ = {isa = PBXBuildFile; fileRef = 750B0A8026A9AD66002A522A /* main.cpp */; };
		750B0A8C26AA918A002A522A /* main.cpp in Sources */ = {isa = PBXBuildFile; fileRef = 750B0A8B26AA918A002A522A /* main.cpp */; };
		75DBBC5F26BAF49B007723AF /* main.cpp in Sources */ = {isa = PBXBuildFile; fileRef = 75DBBC5E26BAF49B007723AF /* main.cpp */; };
		75DBBC6526BAF4F1007723AF /* json.cpp in Sources */ = {isa = PBXBuildFile; fileRef = 75DBBC6326BAF4F1007723AF /* json.cpp */; };
		75DBBC6D26BAFD87007723AF /* main.cpp in Sources */ = {isa = PBXBuildFile; fileRef = 75DBBC6C26BAFD87007723AF /* main.cpp */; };
		75DBBC7326BAFDB3007723AF /* xml.cpp in Sources */ = {isa = PBXBuildFile; fileRef = 75DBBC7226BAFDB3007723AF /* xml.cpp */; };
/* End PBXBuildFile section */

/* Begin PBXCopyFilesBuildPhase section */
		750B0A6326A86E00002A522A /* CopyFiles */ = {
			isa = PBXCopyFilesBuildPhase;
			buildActionMask = 2147483647;
			dstPath = /usr/share/man/man1/;
			dstSubfolderSpec = 0;
			files = (
			);
			runOnlyForDeploymentPostprocessing = 1;
		};
		750B0A7126A99D07002A522A /* CopyFiles */ = {
			isa = PBXCopyFilesBuildPhase;
			buildActionMask = 2147483647;
			dstPath = /usr/share/man/man1/;
			dstSubfolderSpec = 0;
			files = (
			);
			runOnlyForDeploymentPostprocessing = 1;
		};
		750B0A7C26A9AD66002A522A /* CopyFiles */ = {
			isa = PBXCopyFilesBuildPhase;
			buildActionMask = 2147483647;
			dstPath = /usr/share/man/man1/;
			dstSubfolderSpec = 0;
			files = (
			);
			runOnlyForDeploymentPostprocessing = 1;
		};
		750B0A8726AA918A002A522A /* CopyFiles */ = {
			isa = PBXCopyFilesBuildPhase;
			buildActionMask = 2147483647;
			dstPath = /usr/share/man/man1/;
			dstSubfolderSpec = 0;
			files = (
			);
			runOnlyForDeploymentPostprocessing = 1;
		};
		75DBBC5A26BAF49B007723AF /* CopyFiles */ = {
			isa = PBXCopyFilesBuildPhase;
			buildActionMask = 2147483647;
			dstPath = /usr/share/man/man1/;
			dstSubfolderSpec = 0;
			files = (
			);
			runOnlyForDeploymentPostprocessing = 1;
		};
		75DBBC6826BAFD86007723AF /* CopyFiles */ = {
			isa = PBXCopyFilesBuildPhase;
			buildActionMask = 2147483647;
			dstPath = /usr/share/man/man1/;
			dstSubfolderSpec = 0;
			files = (
			);
			runOnlyForDeploymentPostprocessing = 1;
		};
/* End PBXCopyFilesBuildPhase section */

/* Begin PBXFileReference section */
		750B0A6526A86E00002A522A /* yp_exercises */ = {isa = PBXFileReference; explicitFileType = "compiled.mach-o.executable"; includeInIndex = 0; path = yp_exercises; sourceTree = BUILT_PRODUCTS_DIR; };
		750B0A6826A86E00002A522A /* main.cpp */ = {isa = PBXFileReference; lastKnownFileType = sourcecode.cpp.cpp; path = main.cpp; sourceTree = "<group>"; };
		750B0A7326A99D07002A522A /* DumbbellHasher */ = {isa = PBXFileReference; explicitFileType = "compiled.mach-o.executable"; includeInIndex = 0; path = DumbbellHasher; sourceTree = BUILT_PRODUCTS_DIR; };
		750B0A7526A99D07002A522A /* main.cpp */ = {isa = PBXFileReference; lastKnownFileType = sourcecode.cpp.cpp; path = main.cpp; sourceTree = "<group>"; };
		750B0A7E26A9AD66002A522A /* TreesAndSearch */ = {isa = PBXFileReference; explicitFileType = "compiled.mach-o.executable"; includeInIndex = 0; path = TreesAndSearch; sourceTree = BUILT_PRODUCTS_DIR; };
		750B0A8026A9AD66002A522A /* main.cpp */ = {isa = PBXFileReference; lastKnownFileType = sourcecode.cpp.cpp; path = main.cpp; sourceTree = "<group>"; };
		750B0A8926AA918A002A522A /* TreeIterator */ = {isa = PBXFileReference; explicitFileType = "compiled.mach-o.executable"; includeInIndex = 0; path = TreeIterator; sourceTree = BUILT_PRODUCTS_DIR; };
		750B0A8B26AA918A002A522A /* main.cpp */ = {isa = PBXFileReference; lastKnownFileType = sourcecode.cpp.cpp; path = main.cpp; sourceTree = "<group>"; };
		75DBBC5C26BAF49B007723AF /* JsonLoader */ = {isa = PBXFileReference; explicitFileType = "compiled.mach-o.executable"; includeInIndex = 0; path = JsonLoader; sourceTree = BUILT_PRODUCTS_DIR; };
		75DBBC5E26BAF49B007723AF /* main.cpp */ = {isa = PBXFileReference; lastKnownFileType = sourcecode.cpp.cpp; path = main.cpp; sourceTree = "<group>"; };
		75DBBC6326BAF4F1007723AF /* json.cpp */ = {isa = PBXFileReference; lastKnownFileType = sourcecode.cpp.cpp; path = json.cpp; sourceTree = "<group>"; };
		75DBBC6426BAF4F1007723AF /* json.h */ = {isa = PBXFileReference; lastKnownFileType = sourcecode.c.h; path = json.h; sourceTree = "<group>"; };
		75DBBC6A26BAFD86007723AF /* XmlLoader */ = {isa = PBXFileReference; explicitFileType = "compiled.mach-o.executable"; includeInIndex = 0; path = XmlLoader; sourceTree = BUILT_PRODUCTS_DIR; };
		75DBBC6C26BAFD87007723AF /* main.cpp */ = {isa = PBXFileReference; lastKnownFileType = sourcecode.cpp.cpp; path = main.cpp; sourceTree = "<group>"; };
		75DBBC7126BAFDA4007723AF /* xml.h */ = {isa = PBXFileReference; lastKnownFileType = sourcecode.c.h; path = xml.h; sourceTree = "<group>"; };
		75DBBC7226BAFDB3007723AF /* xml.cpp */ = {isa = PBXFileReference; lastKnownFileType = sourcecode.cpp.cpp; path = xml.cpp; sourceTree = "<group>"; };
/* End PBXFileReference section */

/* Begin PBXFrameworksBuildPhase section */
		750B0A6226A86E00002A522A /* Frameworks */ = {
			isa = PBXFrameworksBuildPhase;
			buildActionMask = 2147483647;
			files = (
			);
			runOnlyForDeploymentPostprocessing = 0;
		};
		750B0A7026A99D07002A522A /* Frameworks */ = {
			isa = PBXFrameworksBuildPhase;
			buildActionMask = 2147483647;
			files = (
			);
			runOnlyForDeploymentPostprocessing = 0;
		};
		750B0A7B26A9AD66002A522A /* Frameworks */ = {
			isa = PBXFrameworksBuildPhase;
			buildActionMask = 2147483647;
			files = (
			);
			runOnlyForDeploymentPostprocessing = 0;
		};
		750B0A8626AA918A002A522A /* Frameworks */ = {
			isa = PBXFrameworksBuildPhase;
			buildActionMask = 2147483647;
			files = (
			);
			runOnlyForDeploymentPostprocessing = 0;
		};
		75DBBC5926BAF49B007723AF /* Frameworks */ = {
			isa = PBXFrameworksBuildPhase;
			buildActionMask = 2147483647;
			files = (
			);
			runOnlyForDeploymentPostprocessing = 0;
		};
		75DBBC6726BAFD86007723AF /* Frameworks */ = {
			isa = PBXFrameworksBuildPhase;
			buildActionMask = 2147483647;
			files = (
			);
			runOnlyForDeploymentPostprocessing = 0;
		};
/* End PBXFrameworksBuildPhase section */

/* Begin PBXGroup section */
		750B0A5C26A86E00002A522A = {
			isa = PBXGroup;
			children = (
				750B0A6726A86E00002A522A /* Parking */,
				750B0A7426A99D07002A522A /* DumbbellHasher */,
				750B0A7F26A9AD66002A522A /* TreesAndSearch */,
				750B0A8A26AA918A002A522A /* TreeIterator */,
				75DBBC5D26BAF49B007723AF /* JsonLoader */,
				75DBBC6B26BAFD87007723AF /* XmlLoader */,
				750B0A6626A86E00002A522A /* Products */,
			);
			sourceTree = "<group>";
		};
		750B0A6626A86E00002A522A /* Products */ = {
			isa = PBXGroup;
			children = (
				750B0A6526A86E00002A522A /* yp_exercises */,
				750B0A7326A99D07002A522A /* DumbbellHasher */,
				750B0A7E26A9AD66002A522A /* TreesAndSearch */,
				750B0A8926AA918A002A522A /* TreeIterator */,
				75DBBC5C26BAF49B007723AF /* JsonLoader */,
				75DBBC6A26BAFD86007723AF /* XmlLoader */,
			);
			name = Products;
			sourceTree = "<group>";
		};
		750B0A6726A86E00002A522A /* Parking */ = {
			isa = PBXGroup;
			children = (
				750B0A6826A86E00002A522A /* main.cpp */,
			);
			path = Parking;
			sourceTree = "<group>";
		};
		750B0A7426A99D07002A522A /* DumbbellHasher */ = {
			isa = PBXGroup;
			children = (
				750B0A7526A99D07002A522A /* main.cpp */,
			);
			path = DumbbellHasher;
			sourceTree = "<group>";
		};
		750B0A7F26A9AD66002A522A /* TreesAndSearch */ = {
			isa = PBXGroup;
			children = (
				750B0A8026A9AD66002A522A /* main.cpp */,
			);
			path = TreesAndSearch;
			sourceTree = "<group>";
		};
		750B0A8A26AA918A002A522A /* TreeIterator */ = {
			isa = PBXGroup;
			children = (
				750B0A8B26AA918A002A522A /* main.cpp */,
			);
			path = TreeIterator;
			sourceTree = "<group>";
		};
		75DBBC5D26BAF49B007723AF /* JsonLoader */ = {
			isa = PBXGroup;
			children = (
				75DBBC5E26BAF49B007723AF /* main.cpp */,
				75DBBC6326BAF4F1007723AF /* json.cpp */,
				75DBBC6426BAF4F1007723AF /* json.h */,
			);
			path = JsonLoader;
			sourceTree = "<group>";
		};
		75DBBC6B26BAFD87007723AF /* XmlLoader */ = {
			isa = PBXGroup;
			children = (
				75DBBC6C26BAFD87007723AF /* main.cpp */,
				75DBBC7126BAFDA4007723AF /* xml.h */,
				75DBBC7226BAFDB3007723AF /* xml.cpp */,
			);
			path = XmlLoader;
			sourceTree = "<group>";
		};
/* End PBXGroup section */

/* Begin PBXNativeTarget section */
		750B0A6426A86E00002A522A /* yp_exercises */ = {
			isa = PBXNativeTarget;
			buildConfigurationList = 750B0A6C26A86E00002A522A /* Build configuration list for PBXNativeTarget "yp_exercises" */;
			buildPhases = (
				750B0A6126A86E00002A522A /* Sources */,
				750B0A6226A86E00002A522A /* Frameworks */,
				750B0A6326A86E00002A522A /* CopyFiles */,
			);
			buildRules = (
			);
			dependencies = (
			);
			name = yp_exercises;
			productName = yp_exercises;
			productReference = 750B0A6526A86E00002A522A /* yp_exercises */;
			productType = "com.apple.product-type.tool";
		};
		750B0A7226A99D07002A522A /* DumbbellHasher */ = {
			isa = PBXNativeTarget;
			buildConfigurationList = 750B0A7726A99D07002A522A /* Build configuration list for PBXNativeTarget "DumbbellHasher" */;
			buildPhases = (
				750B0A6F26A99D07002A522A /* Sources */,
				750B0A7026A99D07002A522A /* Frameworks */,
				750B0A7126A99D07002A522A /* CopyFiles */,
			);
			buildRules = (
			);
			dependencies = (
			);
			name = DumbbellHasher;
			productName = DumbbellHasher;
			productReference = 750B0A7326A99D07002A522A /* DumbbellHasher */;
			productType = "com.apple.product-type.tool";
		};
		750B0A7D26A9AD66002A522A /* TreesAndSearch */ = {
			isa = PBXNativeTarget;
			buildConfigurationList = 750B0A8226A9AD66002A522A /* Build configuration list for PBXNativeTarget "TreesAndSearch" */;
			buildPhases = (
				750B0A7A26A9AD66002A522A /* Sources */,
				750B0A7B26A9AD66002A522A /* Frameworks */,
				750B0A7C26A9AD66002A522A /* CopyFiles */,
			);
			buildRules = (
			);
			dependencies = (
			);
			name = TreesAndSearch;
			productName = TreesAndSearch;
			productReference = 750B0A7E26A9AD66002A522A /* TreesAndSearch */;
			productType = "com.apple.product-type.tool";
		};
		750B0A8826AA918A002A522A /* TreeIterator */ = {
			isa = PBXNativeTarget;
			buildConfigurationList = 750B0A8F26AA918A002A522A /* Build configuration list for PBXNativeTarget "TreeIterator" */;
			buildPhases = (
				750B0A8526AA918A002A522A /* Sources */,
				750B0A8626AA918A002A522A /* Frameworks */,
				750B0A8726AA918A002A522A /* CopyFiles */,
			);
			buildRules = (
			);
			dependencies = (
			);
			name = TreeIterator;
			productName = TreeIterator;
			productReference = 750B0A8926AA918A002A522A /* TreeIterator */;
			productType = "com.apple.product-type.tool";
		};
		75DBBC5B26BAF49B007723AF /* JsonLoader */ = {
			isa = PBXNativeTarget;
			buildConfigurationList = 75DBBC6226BAF49B007723AF /* Build configuration list for PBXNativeTarget "JsonLoader" */;
			buildPhases = (
				75DBBC5826BAF49B007723AF /* Sources */,
				75DBBC5926BAF49B007723AF /* Frameworks */,
				75DBBC5A26BAF49B007723AF /* CopyFiles */,
			);
			buildRules = (
			);
			dependencies = (
			);
			name = JsonLoader;
			productName = JsonLoader;
			productReference = 75DBBC5C26BAF49B007723AF /* JsonLoader */;
			productType = "com.apple.product-type.tool";
		};
		75DBBC6926BAFD86007723AF /* XmlLoader */ = {
			isa = PBXNativeTarget;
			buildConfigurationList = 75DBBC6E26BAFD87007723AF /* Build configuration list for PBXNativeTarget "XmlLoader" */;
			buildPhases = (
				75DBBC6626BAFD86007723AF /* Sources */,
				75DBBC6726BAFD86007723AF /* Frameworks */,
				75DBBC6826BAFD86007723AF /* CopyFiles */,
			);
			buildRules = (
			);
			dependencies = (
			);
			name = XmlLoader;
			productName = XmlLoader;
			productReference = 75DBBC6A26BAFD86007723AF /* XmlLoader */;
			productType = "com.apple.product-type.tool";
		};
/* End PBXNativeTarget section */

/* Begin PBXProject section */
		750B0A5D26A86E00002A522A /* Project object */ = {
			isa = PBXProject;
			attributes = {
				BuildIndependentTargetsInParallel = 1;
				LastUpgradeCheck = 1300;
				TargetAttributes = {
					750B0A6426A86E00002A522A = {
						CreatedOnToolsVersion = 13.0;
					};
					750B0A7226A99D07002A522A = {
						CreatedOnToolsVersion = 13.0;
					};
					750B0A7D26A9AD66002A522A = {
						CreatedOnToolsVersion = 13.0;
					};
					750B0A8826AA918A002A522A = {
						CreatedOnToolsVersion = 13.0;
					};
					75DBBC5B26BAF49B007723AF = {
						CreatedOnToolsVersion = 13.0;
					};
					75DBBC6926BAFD86007723AF = {
						CreatedOnToolsVersion = 13.0;
					};
				};
			};
			buildConfigurationList = 750B0A6026A86E00002A522A /* Build configuration list for PBXProject "yp_exercises" */;
			compatibilityVersion = "Xcode 13.0";
			developmentRegion = en;
			hasScannedForEncodings = 0;
			knownRegions = (
				en,
				Base,
			);
			mainGroup = 750B0A5C26A86E00002A522A;
			productRefGroup = 750B0A6626A86E00002A522A /* Products */;
			projectDirPath = "";
			projectRoot = "";
			targets = (
				750B0A6426A86E00002A522A /* yp_exercises */,
				750B0A7226A99D07002A522A /* DumbbellHasher */,
				750B0A7D26A9AD66002A522A /* TreesAndSearch */,
				750B0A8826AA918A002A522A /* TreeIterator */,
				75DBBC5B26BAF49B007723AF /* JsonLoader */,
				75DBBC6926BAFD86007723AF /* XmlLoader */,
			);
		};
/* End PBXProject section */

/* Begin PBXSourcesBuildPhase section */
		750B0A6126A86E00002A522A /* Sources */ = {
			isa = PBXSourcesBuildPhase;
			buildActionMask = 2147483647;
			files = (
				750B0A6926A86E00002A522A /* main.cpp in Sources */,
			);
			runOnlyForDeploymentPostprocessing = 0;
		};
		750B0A6F26A99D07002A522A /* Sources */ = {
			isa = PBXSourcesBuildPhase;
			buildActionMask = 2147483647;
			files = (
				750B0A7626A99D07002A522A /* main.cpp in Sources */,
			);
			runOnlyForDeploymentPostprocessing = 0;
		};
		750B0A7A26A9AD66002A522A /* Sources */ = {
			isa = PBXSourcesBuildPhase;
			buildActionMask = 2147483647;
			files = (
				750B0A8126A9AD66002A522A /* main.cpp in Sources */,
			);
			runOnlyForDeploymentPostprocessing = 0;
		};
		750B0A8526AA918A002A522A /* Sources */ = {
			isa = PBXSourcesBuildPhase;
			buildActionMask = 2147483647;
			files = (
				750B0A8C26AA918A002A522A /* main.cpp in Sources */,
			);
			runOnlyForDeploymentPostprocessing = 0;
		};
		75DBBC5826BAF49B007723AF /* Sources */ = {
			isa = PBXSourcesBuildPhase;
			buildActionMask = 2147483647;
			files = (
				75DBBC5F26BAF49B007723AF /* main.cpp in Sources */,
				75DBBC6526BAF4F1007723AF /* json.cpp in Sources */,
			);
			runOnlyForDeploymentPostprocessing = 0;
		};
		75DBBC6626BAFD86007723AF /* Sources */ = {
			isa = PBXSourcesBuildPhase;
			buildActionMask = 2147483647;
			files = (
				75DBBC6D26BAFD87007723AF /* main.cpp in Sources */,
				75DBBC7326BAFDB3007723AF /* xml.cpp in Sources */,
			);
			runOnlyForDeploymentPostprocessing = 0;
		};
/* End PBXSourcesBuildPhase section */

/* Begin XCBuildConfiguration section */
		750B0A6A26A86E00002A522A /* Debug */ = {
			isa = XCBuildConfiguration;
			buildSettings = {
				ALWAYS_SEARCH_USER_PATHS = NO;
				CLANG_ANALYZER_NONNULL = YES;
				CLANG_ANALYZER_NUMBER_OBJECT_CONVERSION = YES_AGGRESSIVE;
				CLANG_CXX_LANGUAGE_STANDARD = "gnu++14";
				CLANG_CXX_LIBRARY = "libc++";
				CLANG_ENABLE_MODULES = YES;
				CLANG_ENABLE_OBJC_ARC = YES;
				CLANG_ENABLE_OBJC_WEAK = YES;
				CLANG_WARN_BLOCK_CAPTURE_AUTORELEASING = YES;
				CLANG_WARN_BOOL_CONVERSION = YES;
				CLANG_WARN_COMMA = YES;
				CLANG_WARN_CONSTANT_CONVERSION = YES;
				CLANG_WARN_DEPRECATED_OBJC_IMPLEMENTATIONS = YES;
				CLANG_WARN_DIRECT_OBJC_ISA_USAGE = YES_ERROR;
				CLANG_WARN_DOCUMENTATION_COMMENTS = YES;
				CLANG_WARN_EMPTY_BODY = YES;
				CLANG_WARN_ENUM_CONVERSION = YES;
				CLANG_WARN_INFINITE_RECURSION = YES;
				CLANG_WARN_INT_CONVERSION = YES;
				CLANG_WARN_NON_LITERAL_NULL_CONVERSION = YES;
				CLANG_WARN_OBJC_IMPLICIT_RETAIN_SELF = YES;
				CLANG_WARN_OBJC_LITERAL_CONVERSION = YES;
				CLANG_WARN_OBJC_ROOT_CLASS = YES_ERROR;
				CLANG_WARN_QUOTED_INCLUDE_IN_FRAMEWORK_HEADER = YES;
				CLANG_WARN_RANGE_LOOP_ANALYSIS = YES;
				CLANG_WARN_STRICT_PROTOTYPES = YES;
				CLANG_WARN_SUSPICIOUS_MOVE = YES;
				CLANG_WARN_UNGUARDED_AVAILABILITY = YES_AGGRESSIVE;
				CLANG_WARN_UNREACHABLE_CODE = YES;
				CLANG_WARN__DUPLICATE_METHOD_MATCH = YES;
				COPY_PHASE_STRIP = NO;
				DEBUG_INFORMATION_FORMAT = dwarf;
				ENABLE_STRICT_OBJC_MSGSEND = YES;
				ENABLE_TESTABILITY = YES;
				GCC_C_LANGUAGE_STANDARD = gnu11;
				GCC_DYNAMIC_NO_PIC = NO;
				GCC_NO_COMMON_BLOCKS = YES;
				GCC_OPTIMIZATION_LEVEL = 0;
				GCC_PREPROCESSOR_DEFINITIONS = (
					"DEBUG=1",
					"$(inherited)",
				);
				GCC_WARN_64_TO_32_BIT_CONVERSION = YES;
				GCC_WARN_ABOUT_RETURN_TYPE = YES_ERROR;
				GCC_WARN_UNDECLARED_SELECTOR = YES;
				GCC_WARN_UNINITIALIZED_AUTOS = YES_AGGRESSIVE;
				GCC_WARN_UNUSED_FUNCTION = YES;
				GCC_WARN_UNUSED_VARIABLE = YES;
				MACOSX_DEPLOYMENT_TARGET = 11.4;
				MTL_ENABLE_DEBUG_INFO = INCLUDE_SOURCE;
				MTL_FAST_MATH = YES;
				ONLY_ACTIVE_ARCH = YES;
				SDKROOT = macosx;
			};
			name = Debug;
		};
		750B0A6B26A86E00002A522A /* Release */ = {
			isa = XCBuildConfiguration;
			buildSettings = {
				ALWAYS_SEARCH_USER_PATHS = NO;
				CLANG_ANALYZER_NONNULL = YES;
				CLANG_ANALYZER_NUMBER_OBJECT_CONVERSION = YES_AGGRESSIVE;
				CLANG_CXX_LANGUAGE_STANDARD = "gnu++14";
				CLANG_CXX_LIBRARY = "libc++";
				CLANG_ENABLE_MODULES = YES;
				CLANG_ENABLE_OBJC_ARC = YES;
				CLANG_ENABLE_OBJC_WEAK = YES;
				CLANG_WARN_BLOCK_CAPTURE_AUTORELEASING = YES;
				CLANG_WARN_BOOL_CONVERSION = YES;
				CLANG_WARN_COMMA = YES;
				CLANG_WARN_CONSTANT_CONVERSION = YES;
				CLANG_WARN_DEPRECATED_OBJC_IMPLEMENTATIONS = YES;
				CLANG_WARN_DIRECT_OBJC_ISA_USAGE = YES_ERROR;
				CLANG_WARN_DOCUMENTATION_COMMENTS = YES;
				CLANG_WARN_EMPTY_BODY = YES;
				CLANG_WARN_ENUM_CONVERSION = YES;
				CLANG_WARN_INFINITE_RECURSION = YES;
				CLANG_WARN_INT_CONVERSION = YES;
				CLANG_WARN_NON_LITERAL_NULL_CONVERSION = YES;
				CLANG_WARN_OBJC_IMPLICIT_RETAIN_SELF = YES;
				CLANG_WARN_OBJC_LITERAL_CONVERSION = YES;
				CLANG_WARN_OBJC_ROOT_CLASS = YES_ERROR;
				CLANG_WARN_QUOTED_INCLUDE_IN_FRAMEWORK_HEADER = YES;
				CLANG_WARN_RANGE_LOOP_ANALYSIS = YES;
				CLANG_WARN_STRICT_PROTOTYPES = YES;
				CLANG_WARN_SUSPICIOUS_MOVE = YES;
				CLANG_WARN_UNGUARDED_AVAILABILITY = YES_AGGRESSIVE;
				CLANG_WARN_UNREACHABLE_CODE = YES;
				CLANG_WARN__DUPLICATE_METHOD_MATCH = YES;
				COPY_PHASE_STRIP = NO;
				DEBUG_INFORMATION_FORMAT = "dwarf-with-dsym";
				ENABLE_NS_ASSERTIONS = NO;
				ENABLE_STRICT_OBJC_MSGSEND = YES;
				GCC_C_LANGUAGE_STANDARD = gnu11;
				GCC_NO_COMMON_BLOCKS = YES;
				GCC_WARN_64_TO_32_BIT_CONVERSION = YES;
				GCC_WARN_ABOUT_RETURN_TYPE = YES_ERROR;
				GCC_WARN_UNDECLARED_SELECTOR = YES;
				GCC_WARN_UNINITIALIZED_AUTOS = YES_AGGRESSIVE;
				GCC_WARN_UNUSED_FUNCTION = YES;
				GCC_WARN_UNUSED_VARIABLE = YES;
				MACOSX_DEPLOYMENT_TARGET = 11.4;
				MTL_ENABLE_DEBUG_INFO = NO;
				MTL_FAST_MATH = YES;
				SDKROOT = macosx;
			};
			name = Release;
		};
		750B0A6D26A86E00002A522A /* Debug */ = {
			isa = XCBuildConfiguration;
			buildSettings = {
				CLANG_CXX_LANGUAGE_STANDARD = "gnu++17";
				CODE_SIGN_STYLE = Automatic;
				PRODUCT_NAME = "$(TARGET_NAME)";
			};
			name = Debug;
		};
		750B0A6E26A86E00002A522A /* Release */ = {
			isa = XCBuildConfiguration;
			buildSettings = {
				CLANG_CXX_LANGUAGE_STANDARD = "gnu++17";
				CODE_SIGN_STYLE = Automatic;
				PRODUCT_NAME = "$(TARGET_NAME)";
			};
			name = Release;
		};
		750B0A7826A99D07002A522A /* Debug */ = {
			isa = XCBuildConfiguration;
			buildSettings = {
				CODE_SIGN_STYLE = Automatic;
				PRODUCT_NAME = "$(TARGET_NAME)";
			};
			name = Debug;
		};
		750B0A7926A99D07002A522A /* Release */ = {
			isa = XCBuildConfiguration;
			buildSettings = {
				CODE_SIGN_STYLE = Automatic;
				PRODUCT_NAME = "$(TARGET_NAME)";
			};
			name = Release;
		};
		750B0A8326A9AD66002A522A /* Debug */ = {
			isa = XCBuildConfiguration;
			buildSettings = {
				CLANG_CXX_LANGUAGE_STANDARD = "gnu++17";
				CODE_SIGN_STYLE = Automatic;
				PRODUCT_NAME = "$(TARGET_NAME)";
			};
			name = Debug;
		};
		750B0A8426A9AD66002A522A /* Release */ = {
			isa = XCBuildConfiguration;
			buildSettings = {
				CLANG_CXX_LANGUAGE_STANDARD = "gnu++17";
				CODE_SIGN_STYLE = Automatic;
				PRODUCT_NAME = "$(TARGET_NAME)";
			};
			name = Release;
		};
		750B0A8D26AA918A002A522A /* Debug */ = {
			isa = XCBuildConfiguration;
			buildSettings = {
				CLANG_CXX_LANGUAGE_STANDARD = "gnu++17";
				CODE_SIGN_STYLE = Automatic;
				PRODUCT_NAME = "$(TARGET_NAME)";
			};
			name = Debug;
		};
		750B0A8E26AA918A002A522A /* Release */ = {
			isa = XCBuildConfiguration;
			buildSettings = {
				CLANG_CXX_LANGUAGE_STANDARD = "gnu++17";
				CODE_SIGN_STYLE = Automatic;
				PRODUCT_NAME = "$(TARGET_NAME)";
			};
			name = Release;
		};
		75DBBC6026BAF49B007723AF /* Debug */ = {
			isa = XCBuildConfiguration;
			buildSettings = {
				CODE_SIGN_STYLE = Automatic;
				PRODUCT_NAME = "$(TARGET_NAME)";
			};
			name = Debug;
		};
		75DBBC6126BAF49B007723AF /* Release */ = {
			isa = XCBuildConfiguration;
			buildSettings = {
				CODE_SIGN_STYLE = Automatic;
				PRODUCT_NAME = "$(TARGET_NAME)";
			};
			name = Release;
		};
		75DBBC6F26BAFD87007723AF /* Debug */ = {
			isa = XCBuildConfiguration;
			buildSettings = {
				CODE_SIGN_STYLE = Automatic;
				PRODUCT_NAME = "$(TARGET_NAME)";
			};
			name = Debug;
		};
		75DBBC7026BAFD87007723AF /* Release */ = {
			isa = XCBuildConfiguration;
			buildSettings = {
				CODE_SIGN_STYLE = Automatic;
				PRODUCT_NAME = "$(TARGET_NAME)";
			};
			name = Release;
		};
/* End XCBuildConfiguration section */

/* Begin XCConfigurationList section */
		750B0A6026A86E00002A522A /* Build configuration list for PBXProject "yp_exercises" */ = {
			isa = XCConfigurationList;
			buildConfigurations = (
				750B0A6A26A86E00002A522A /* Debug */,
				750B0A6B26A86E00002A522A /* Release */,
			);
			defaultConfigurationIsVisible = 0;
			defaultConfigurationName = Release;
		};
		750B0A6C26A86E00002A522A /* Build configuration list for PBXNativeTarget "yp_exercises" */ = {
			isa = XCConfigurationList;
			buildConfigurations = (
				750B0A6D26A86E00002A522A /* Debug */,
				750B0A6E26A86E00002A522A /* Release */,
			);
			defaultConfigurationIsVisible = 0;
			defaultConfigurationName = Release;
		};
		750B0A7726A99D07002A522A /* Build configuration list for PBXNativeTarget "DumbbellHasher" */ = {
			isa = XCConfigurationList;
			buildConfigurations = (
				750B0A7826A99D07002A522A /* Debug */,
				750B0A7926A99D07002A522A /* Release */,
			);
			defaultConfigurationIsVisible = 0;
			defaultConfigurationName = Release;
		};
		750B0A8226A9AD66002A522A /* Build configuration list for PBXNativeTarget "TreesAndSearch" */ = {
			isa = XCConfigurationList;
			buildConfigurations = (
				750B0A8326A9AD66002A522A /* Debug */,
				750B0A8426A9AD66002A522A /* Release */,
			);
			defaultConfigurationIsVisible = 0;
			defaultConfigurationName = Release;
		};
		750B0A8F26AA918A002A522A /* Build configuration list for PBXNativeTarget "TreeIterator" */ = {
			isa = XCConfigurationList;
			buildConfigurations = (
				750B0A8D26AA918A002A522A /* Debug */,
				750B0A8E26AA918A002A522A /* Release */,
			);
			defaultConfigurationIsVisible = 0;
			defaultConfigurationName = Release;
		};
		75DBBC6226BAF49B007723AF /* Build configuration list for PBXNativeTarget "JsonLoader" */ = {
			isa = XCConfigurationList;
			buildConfigurations = (
				75DBBC6026BAF49B007723AF /* Debug */,
				75DBBC6126BAF49B007723AF /* Release */,
			);
			defaultConfigurationIsVisible = 0;
			defaultConfigurationName = Release;
		};
		75DBBC6E26BAFD87007723AF /* Build configuration list for PBXNativeTarget "XmlLoader" */ = {
			isa = XCConfigurationList;
			buildConfigurations = (
				75DBBC6F26BAFD87007723AF /* Debug */,
				75DBBC7026BAFD87007723AF /* Release */,
			);
			defaultConfigurationIsVisible = 0;
			defaultConfigurationName = Release;
		};
/* End XCConfigurationList section */
	};
	rootObject = 750B0A5D26A86E00002A522A /* Project object */;
}
